
Microsoft Visual Studio Solution File, Format Version 12.00
# Visual Studio Version 17
VisualStudioVersion = 17.2.32519.379
MinimumVisualStudioVersion = 10.0.40219.1
Project("{FAE04EC0-301F-11D3-BF4B-00C04F79EFBC}") = "pryVonBibliotecaLab2SP1", "pryVonBibliotecaLab2SP1\pryVonBibliotecaLab2SP1.csproj", "{21D02BCB-CF11-4EC9-9B1A-F7A52DD8A1D3}"
EndProject
Global
	GlobalSection(SolutionConfigurationPlatforms) = preSolution
		Debug|Any CPU = Debug|Any CPU
		Release|Any CPU = Release|Any CPU
	EndGlobalSection
	GlobalSection(ProjectConfigurationPlatforms) = postSolution
		{21D02BCB-CF11-4EC9-9B1A-F7A52DD8A1D3}.Debug|Any CPU.ActiveCfg = Debug|Any CPU
		{21D02BCB-CF11-4EC9-9B1A-F7A52DD8A1D3}.Debug|Any CPU.Build.0 = Debug|Any CPU
		{21D02BCB-CF11-4EC9-9B1A-F7A52DD8A1D3}.Release|Any CPU.ActiveCfg = Release|Any CPU
		{21D02BCB-CF11-4EC9-9B1A-F7A52DD8A1D3}.Release|Any CPU.Build.0 = Release|Any CPU
	EndGlobalSection
	GlobalSection(SolutionProperties) = preSolution
		HideSolutionNode = FALSE
	EndGlobalSection
	GlobalSection(ExtensibilityGlobals) = postSolution
		SolutionGuid = {25BD305A-99EF-4C9E-B5BD-B27E39997F59}
	EndGlobalSection
EndGlobal
