
Microsoft Visual Studio Solution File, Format Version 12.00
# Visual Studio Version 16
VisualStudioVersion = 16.0.32510.428
MinimumVisualStudioVersion = 10.0.40219.1
Project("{FAE04EC0-301F-11D3-BF4B-00C04F79EFBC}") = "pryVonLab2BibliotecaSP1", "pryVonLab2BibliotecaSP1\pryVonLab2BibliotecaSP1.csproj", "{91AE23F2-9647-4698-83F8-9904E85DD1E8}"
EndProject
Global
	GlobalSection(SolutionConfigurationPlatforms) = preSolution
		Debug|Any CPU = Debug|Any CPU
		Release|Any CPU = Release|Any CPU
	EndGlobalSection
	GlobalSection(ProjectConfigurationPlatforms) = postSolution
		{91AE23F2-9647-4698-83F8-9904E85DD1E8}.Debug|Any CPU.ActiveCfg = Debug|Any CPU
		{91AE23F2-9647-4698-83F8-9904E85DD1E8}.Debug|Any CPU.Build.0 = Debug|Any CPU
		{91AE23F2-9647-4698-83F8-9904E85DD1E8}.Release|Any CPU.ActiveCfg = Release|Any CPU
		{91AE23F2-9647-4698-83F8-9904E85DD1E8}.Release|Any CPU.Build.0 = Release|Any CPU
	EndGlobalSection
	GlobalSection(SolutionProperties) = preSolution
		HideSolutionNode = FALSE
	EndGlobalSection
	GlobalSection(ExtensibilityGlobals) = postSolution
		SolutionGuid = {94720413-80B2-49C4-AB66-43B6BF20ED2B}
	EndGlobalSection
EndGlobal
